// !$*UTF8*$!
{
	archiveVersion = 1;
	classes = {
	};
	objectVersion = 56;
	objects = {

/* Begin PBXBuildFile section */
		E43051912AAC9CEF008BA937 /* MeetingHeaderView.swift in Sources */ = {isa = PBXBuildFile; fileRef = E43051902AAC9CEF008BA937 /* MeetingHeaderView.swift */; };
		E43051932AAC9FC3008BA937 /* ScrumProgressViewStyle.swift in Sources */ = {isa = PBXBuildFile; fileRef = E43051922AAC9FC3008BA937 /* ScrumProgressViewStyle.swift */; };
		E43051962AACA04E008BA937 /* AVPlayer+Ding.swift in Sources */ = {isa = PBXBuildFile; fileRef = E43051942AACA04E008BA937 /* AVPlayer+Ding.swift */; };
		E43051972AACA04E008BA937 /* ScrumTimer.swift in Sources */ = {isa = PBXBuildFile; fileRef = E43051952AACA04E008BA937 /* ScrumTimer.swift */; };
		E43051992AACA273008BA937 /* MeetingFooterView.swift in Sources */ = {isa = PBXBuildFile; fileRef = E43051982AACA273008BA937 /* MeetingFooterView.swift */; };
		E430519C2AACA65B008BA937 /* ding.wav in Resources */ = {isa = PBXBuildFile; fileRef = E430519B2AACA65B008BA937 /* ding.wav */; };
		E45CDC9A2AB389AE0012AF7C /* NewScrumSheet.swift in Sources */ = {isa = PBXBuildFile; fileRef = E45CDC992AB389AE0012AF7C /* NewScrumSheet.swift */; };
		E45CDC9C2AB38BA50012AF7C /* DetailEditSheet.swift in Sources */ = {isa = PBXBuildFile; fileRef = E45CDC9B2AB38BA50012AF7C /* DetailEditSheet.swift */; };
		E46383592A9B8C6F00AED0F8 /* Theme.swift in Sources */ = {isa = PBXBuildFile; fileRef = E46383582A9B8C6F00AED0F8 /* Theme.swift */; };
		E463835B2A9B8DC200AED0F8 /* DailyScrum.swift in Sources */ = {isa = PBXBuildFile; fileRef = E463835A2A9B8DC200AED0F8 /* DailyScrum.swift */; };
		E463835D2A9B8EA500AED0F8 /* CardView.swift in Sources */ = {isa = PBXBuildFile; fileRef = E463835C2A9B8EA500AED0F8 /* CardView.swift */; };
		E46B99C52AA2527700DEFDE5 /* DetailEditView.swift in Sources */ = {isa = PBXBuildFile; fileRef = E46B99C42AA2527700DEFDE5 /* DetailEditView.swift */; };
		E46B99C82AA25CBE00DEFDE5 /* ThemeView.swift in Sources */ = {isa = PBXBuildFile; fileRef = E46B99C72AA25CBE00DEFDE5 /* ThemeView.swift */; };
		E46B99CA2AA25F1300DEFDE5 /* ThemePicker.swift in Sources */ = {isa = PBXBuildFile; fileRef = E46B99C92AA25F1300DEFDE5 /* ThemePicker.swift */; };
		E46E34852A9CDC5800BFE8C7 /* ScrumsView.swift in Sources */ = {isa = PBXBuildFile; fileRef = E46E34842A9CDC5800BFE8C7 /* ScrumsView.swift */; };
		E484344A2A9D132500379F4C /* DetailView.swift in Sources */ = {isa = PBXBuildFile; fileRef = E48434492A9D132500379F4C /* DetailView.swift */; };
		E48E53DC2A9CD8BE0003B19E /* TrailingIconLabelStyle.swift in Sources */ = {isa = PBXBuildFile; fileRef = E48E53DB2A9CD8BE0003B19E /* TrailingIconLabelStyle.swift */; };
		E4EC651F29EF68FC009596DE /* ScrumdingerApp.swift in Sources */ = {isa = PBXBuildFile; fileRef = E4EC651E29EF68FC009596DE /* ScrumdingerApp.swift */; };
		E4EC652129EF68FC009596DE /* MeetingView.swift in Sources */ = {isa = PBXBuildFile; fileRef = E4EC652029EF68FC009596DE /* MeetingView.swift */; };
		E4EC652329EF68FD009596DE /* Assets.xcassets in Resources */ = {isa = PBXBuildFile; fileRef = E4EC652229EF68FD009596DE /* Assets.xcassets */; };
		E4EC652629EF68FD009596DE /* Preview Assets.xcassets in Resources */ = {isa = PBXBuildFile; fileRef = E4EC652529EF68FD009596DE /* Preview Assets.xcassets */; };
		E4EC653029EF68FD009596DE /* ScrumdingerTests.swift in Sources */ = {isa = PBXBuildFile; fileRef = E4EC652F29EF68FD009596DE /* ScrumdingerTests.swift */; };
		E4EC653A29EF68FD009596DE /* ScrumdingerUITests.swift in Sources */ = {isa = PBXBuildFile; fileRef = E4EC653929EF68FD009596DE /* ScrumdingerUITests.swift */; };
		E4EC653C29EF68FD009596DE /* ScrumdingerUITestsLaunchTests.swift in Sources */ = {isa = PBXBuildFile; fileRef = E4EC653B29EF68FD009596DE /* ScrumdingerUITestsLaunchTests.swift */; };
/* End PBXBuildFile section */

/* Begin PBXContainerItemProxy section */
		E4EC652C29EF68FD009596DE /* PBXContainerItemProxy */ = {
			isa = PBXContainerItemProxy;
			containerPortal = E4EC651329EF68FC009596DE /* Project object */;
			proxyType = 1;
			remoteGlobalIDString = E4EC651A29EF68FC009596DE;
			remoteInfo = Scrumdinger;
		};
		E4EC653629EF68FD009596DE /* PBXContainerItemProxy */ = {
			isa = PBXContainerItemProxy;
			containerPortal = E4EC651329EF68FC009596DE /* Project object */;
			proxyType = 1;
			remoteGlobalIDString = E4EC651A29EF68FC009596DE;
			remoteInfo = Scrumdinger;
		};
/* End PBXContainerItemProxy section */

/* Begin PBXFileReference section */
		E43051902AAC9CEF008BA937 /* MeetingHeaderView.swift */ = {isa = PBXFileReference; lastKnownFileType = sourcecode.swift; path = MeetingHeaderView.swift; sourceTree = "<group>"; };
		E43051922AAC9FC3008BA937 /* ScrumProgressViewStyle.swift */ = {isa = PBXFileReference; fileEncoding = 4; lastKnownFileType = sourcecode.swift; path = ScrumProgressViewStyle.swift; sourceTree = "<group>"; };
		E43051942AACA04E008BA937 /* AVPlayer+Ding.swift */ = {isa = PBXFileReference; fileEncoding = 4; lastKnownFileType = sourcecode.swift; path = "AVPlayer+Ding.swift"; sourceTree = "<group>"; };
		E43051952AACA04E008BA937 /* ScrumTimer.swift */ = {isa = PBXFileReference; fileEncoding = 4; lastKnownFileType = sourcecode.swift; path = ScrumTimer.swift; sourceTree = "<group>"; };
		E43051982AACA273008BA937 /* MeetingFooterView.swift */ = {isa = PBXFileReference; lastKnownFileType = sourcecode.swift; path = MeetingFooterView.swift; sourceTree = "<group>"; };
		E430519B2AACA65B008BA937 /* ding.wav */ = {isa = PBXFileReference; lastKnownFileType = audio.wav; path = ding.wav; sourceTree = "<group>"; };
		E45CDC992AB389AE0012AF7C /* NewScrumSheet.swift */ = {isa = PBXFileReference; lastKnownFileType = sourcecode.swift; path = NewScrumSheet.swift; sourceTree = "<group>"; };
		E45CDC9B2AB38BA50012AF7C /* DetailEditSheet.swift */ = {isa = PBXFileReference; lastKnownFileType = sourcecode.swift; path = DetailEditSheet.swift; sourceTree = "<group>"; };
		E46383582A9B8C6F00AED0F8 /* Theme.swift */ = {isa = PBXFileReference; lastKnownFileType = sourcecode.swift; path = Theme.swift; sourceTree = "<group>"; };
		E463835A2A9B8DC200AED0F8 /* DailyScrum.swift */ = {isa = PBXFileReference; lastKnownFileType = sourcecode.swift; path = DailyScrum.swift; sourceTree = "<group>"; };
		E463835C2A9B8EA500AED0F8 /* CardView.swift */ = {isa = PBXFileReference; lastKnownFileType = sourcecode.swift; path = CardView.swift; sourceTree = "<group>"; };
		E46B99C42AA2527700DEFDE5 /* DetailEditView.swift */ = {isa = PBXFileReference; lastKnownFileType = sourcecode.swift; path = DetailEditView.swift; sourceTree = "<group>"; };
		E46B99C72AA25CBE00DEFDE5 /* ThemeView.swift */ = {isa = PBXFileReference; lastKnownFileType = sourcecode.swift; path = ThemeView.swift; sourceTree = "<group>"; };
		E46B99C92AA25F1300DEFDE5 /* ThemePicker.swift */ = {isa = PBXFileReference; lastKnownFileType = sourcecode.swift; path = ThemePicker.swift; sourceTree = "<group>"; };
		E46E34842A9CDC5800BFE8C7 /* ScrumsView.swift */ = {isa = PBXFileReference; lastKnownFileType = sourcecode.swift; path = ScrumsView.swift; sourceTree = "<group>"; };
		E48434492A9D132500379F4C /* DetailView.swift */ = {isa = PBXFileReference; lastKnownFileType = sourcecode.swift; path = DetailView.swift; sourceTree = "<group>"; };
		E48E53DB2A9CD8BE0003B19E /* TrailingIconLabelStyle.swift */ = {isa = PBXFileReference; lastKnownFileType = sourcecode.swift; path = TrailingIconLabelStyle.swift; sourceTree = "<group>"; };
		E4EC651B29EF68FC009596DE /* Scrumdinger.app */ = {isa = PBXFileReference; explicitFileType = wrapper.application; includeInIndex = 0; path = Scrumdinger.app; sourceTree = BUILT_PRODUCTS_DIR; };
		E4EC651E29EF68FC009596DE /* ScrumdingerApp.swift */ = {isa = PBXFileReference; lastKnownFileType = sourcecode.swift; path = ScrumdingerApp.swift; sourceTree = "<group>"; };
		E4EC652029EF68FC009596DE /* MeetingView.swift */ = {isa = PBXFileReference; lastKnownFileType = sourcecode.swift; path = MeetingView.swift; sourceTree = "<group>"; };
		E4EC652229EF68FD009596DE /* Assets.xcassets */ = {isa = PBXFileReference; lastKnownFileType = folder.assetcatalog; path = Assets.xcassets; sourceTree = "<group>"; };
		E4EC652529EF68FD009596DE /* Preview Assets.xcassets */ = {isa = PBXFileReference; lastKnownFileType = folder.assetcatalog; path = "Preview Assets.xcassets"; sourceTree = "<group>"; };
		E4EC652B29EF68FD009596DE /* ScrumdingerTests.xctest */ = {isa = PBXFileReference; explicitFileType = wrapper.cfbundle; includeInIndex = 0; path = ScrumdingerTests.xctest; sourceTree = BUILT_PRODUCTS_DIR; };
		E4EC652F29EF68FD009596DE /* ScrumdingerTests.swift */ = {isa = PBXFileReference; lastKnownFileType = sourcecode.swift; path = ScrumdingerTests.swift; sourceTree = "<group>"; };
		E4EC653529EF68FD009596DE /* ScrumdingerUITests.xctest */ = {isa = PBXFileReference; explicitFileType = wrapper.cfbundle; includeInIndex = 0; path = ScrumdingerUITests.xctest; sourceTree = BUILT_PRODUCTS_DIR; };
		E4EC653929EF68FD009596DE /* ScrumdingerUITests.swift */ = {isa = PBXFileReference; lastKnownFileType = sourcecode.swift; path = ScrumdingerUITests.swift; sourceTree = "<group>"; };
		E4EC653B29EF68FD009596DE /* ScrumdingerUITestsLaunchTests.swift */ = {isa = PBXFileReference; lastKnownFileType = sourcecode.swift; path = ScrumdingerUITestsLaunchTests.swift; sourceTree = "<group>"; };
/* End PBXFileReference section */

/* Begin PBXFrameworksBuildPhase section */
		E4EC651829EF68FC009596DE /* Frameworks */ = {
			isa = PBXFrameworksBuildPhase;
			buildActionMask = 2147483647;
			files = (
			);
			runOnlyForDeploymentPostprocessing = 0;
		};
		E4EC652829EF68FD009596DE /* Frameworks */ = {
			isa = PBXFrameworksBuildPhase;
			buildActionMask = 2147483647;
			files = (
			);
			runOnlyForDeploymentPostprocessing = 0;
		};
		E4EC653229EF68FD009596DE /* Frameworks */ = {
			isa = PBXFrameworksBuildPhase;
			buildActionMask = 2147483647;
			files = (
			);
			runOnlyForDeploymentPostprocessing = 0;
		};
/* End PBXFrameworksBuildPhase section */

/* Begin PBXGroup section */
		E430519A2AACA65B008BA937 /* Resources */ = {
			isa = PBXGroup;
			children = (
				E430519B2AACA65B008BA937 /* ding.wav */,
			);
			path = Resources;
			sourceTree = "<group>";
		};
		E46383572A9B8C5C00AED0F8 /* Models */ = {
			isa = PBXGroup;
			children = (
				E43051942AACA04E008BA937 /* AVPlayer+Ding.swift */,
				E43051952AACA04E008BA937 /* ScrumTimer.swift */,
				E46383582A9B8C6F00AED0F8 /* Theme.swift */,
				E463835A2A9B8DC200AED0F8 /* DailyScrum.swift */,
			);
			path = Models;
			sourceTree = "<group>";
		};
		E46B99C62AA25CA600DEFDE5 /* Views */ = {
			isa = PBXGroup;
			children = (
				E4EC652029EF68FC009596DE /* MeetingView.swift */,
				E43051902AAC9CEF008BA937 /* MeetingHeaderView.swift */,
				E43051982AACA273008BA937 /* MeetingFooterView.swift */,
				E43051922AAC9FC3008BA937 /* ScrumProgressViewStyle.swift */,
				E463835C2A9B8EA500AED0F8 /* CardView.swift */,
				E46E34842A9CDC5800BFE8C7 /* ScrumsView.swift */,
				E45CDC992AB389AE0012AF7C /* NewScrumSheet.swift */,
				E48434492A9D132500379F4C /* DetailView.swift */,
				E45CDC9B2AB38BA50012AF7C /* DetailEditSheet.swift */,
				E46B99C42AA2527700DEFDE5 /* DetailEditView.swift */,
				E48E53DB2A9CD8BE0003B19E /* TrailingIconLabelStyle.swift */,
				E46B99C72AA25CBE00DEFDE5 /* ThemeView.swift */,
				E46B99C92AA25F1300DEFDE5 /* ThemePicker.swift */,
			);
			path = Views;
			sourceTree = "<group>";
		};
		E4EC651229EF68FC009596DE = {
			isa = PBXGroup;
			children = (
				E4EC651D29EF68FC009596DE /* Scrumdinger */,
				E4EC652E29EF68FD009596DE /* ScrumdingerTests */,
				E4EC653829EF68FD009596DE /* ScrumdingerUITests */,
				E4EC651C29EF68FC009596DE /* Products */,
			);
			sourceTree = "<group>";
		};
		E4EC651C29EF68FC009596DE /* Products */ = {
			isa = PBXGroup;
			children = (
				E4EC651B29EF68FC009596DE /* Scrumdinger.app */,
				E4EC652B29EF68FD009596DE /* ScrumdingerTests.xctest */,
				E4EC653529EF68FD009596DE /* ScrumdingerUITests.xctest */,
			);
			name = Products;
			sourceTree = "<group>";
		};
		E4EC651D29EF68FC009596DE /* Scrumdinger */ = {
			isa = PBXGroup;
			children = (
				E46383572A9B8C5C00AED0F8 /* Models */,
				E46B99C62AA25CA600DEFDE5 /* Views */,
				E4EC651E29EF68FC009596DE /* ScrumdingerApp.swift */,
				E430519A2AACA65B008BA937 /* Resources */,
				E4EC652229EF68FD009596DE /* Assets.xcassets */,
				E4EC652429EF68FD009596DE /* Preview Content */,
			);
			path = Scrumdinger;
			sourceTree = "<group>";
		};
		E4EC652429EF68FD009596DE /* Preview Content */ = {
			isa = PBXGroup;
			children = (
				E4EC652529EF68FD009596DE /* Preview Assets.xcassets */,
			);
			path = "Preview Content";
			sourceTree = "<group>";
		};
		E4EC652E29EF68FD009596DE /* ScrumdingerTests */ = {
			isa = PBXGroup;
			children = (
				E4EC652F29EF68FD009596DE /* ScrumdingerTests.swift */,
			);
			path = ScrumdingerTests;
			sourceTree = "<group>";
		};
		E4EC653829EF68FD009596DE /* ScrumdingerUITests */ = {
			isa = PBXGroup;
			children = (
				E4EC653929EF68FD009596DE /* ScrumdingerUITests.swift */,
				E4EC653B29EF68FD009596DE /* ScrumdingerUITestsLaunchTests.swift */,
			);
			path = ScrumdingerUITests;
			sourceTree = "<group>";
		};
/* End PBXGroup section */

/* Begin PBXNativeTarget section */
		E4EC651A29EF68FC009596DE /* Scrumdinger */ = {
			isa = PBXNativeTarget;
			buildConfigurationList = E4EC653F29EF68FD009596DE /* Build configuration list for PBXNativeTarget "Scrumdinger" */;
			buildPhases = (
				E4EC651729EF68FC009596DE /* Sources */,
				E4EC651829EF68FC009596DE /* Frameworks */,
				E4EC651929EF68FC009596DE /* Resources */,
			);
			buildRules = (
			);
			dependencies = (
			);
			name = Scrumdinger;
			productName = Scrumdinger;
			productReference = E4EC651B29EF68FC009596DE /* Scrumdinger.app */;
			productType = "com.apple.product-type.application";
		};
		E4EC652A29EF68FD009596DE /* ScrumdingerTests */ = {
			isa = PBXNativeTarget;
			buildConfigurationList = E4EC654229EF68FD009596DE /* Build configuration list for PBXNativeTarget "ScrumdingerTests" */;
			buildPhases = (
				E4EC652729EF68FD009596DE /* Sources */,
				E4EC652829EF68FD009596DE /* Frameworks */,
				E4EC652929EF68FD009596DE /* Resources */,
			);
			buildRules = (
			);
			dependencies = (
				E4EC652D29EF68FD009596DE /* PBXTargetDependency */,
			);
			name = ScrumdingerTests;
			productName = ScrumdingerTests;
			productReference = E4EC652B29EF68FD009596DE /* ScrumdingerTests.xctest */;
			productType = "com.apple.product-type.bundle.unit-test";
		};
		E4EC653429EF68FD009596DE /* ScrumdingerUITests */ = {
			isa = PBXNativeTarget;
			buildConfigurationList = E4EC654529EF68FD009596DE /* Build configuration list for PBXNativeTarget "ScrumdingerUITests" */;
			buildPhases = (
				E4EC653129EF68FD009596DE /* Sources */,
				E4EC653229EF68FD009596DE /* Frameworks */,
				E4EC653329EF68FD009596DE /* Resources */,
			);
			buildRules = (
			);
			dependencies = (
				E4EC653729EF68FD009596DE /* PBXTargetDependency */,
			);
			name = ScrumdingerUITests;
			productName = ScrumdingerUITests;
			productReference = E4EC653529EF68FD009596DE /* ScrumdingerUITests.xctest */;
			productType = "com.apple.product-type.bundle.ui-testing";
		};
/* End PBXNativeTarget section */

/* Begin PBXProject section */
		E4EC651329EF68FC009596DE /* Project object */ = {
			isa = PBXProject;
			attributes = {
				BuildIndependentTargetsInParallel = 1;
				LastSwiftUpdateCheck = 1430;
				LastUpgradeCheck = 1430;
				TargetAttributes = {
					E4EC651A29EF68FC009596DE = {
						CreatedOnToolsVersion = 14.3;
					};
					E4EC652A29EF68FD009596DE = {
						CreatedOnToolsVersion = 14.3;
						TestTargetID = E4EC651A29EF68FC009596DE;
					};
					E4EC653429EF68FD009596DE = {
						CreatedOnToolsVersion = 14.3;
						TestTargetID = E4EC651A29EF68FC009596DE;
					};
				};
			};
			buildConfigurationList = E4EC651629EF68FC009596DE /* Build configuration list for PBXProject "Scrumdinger" */;
			compatibilityVersion = "Xcode 14.0";
			developmentRegion = en;
			hasScannedForEncodings = 0;
			knownRegions = (
				en,
				Base,
			);
			mainGroup = E4EC651229EF68FC009596DE;
			productRefGroup = E4EC651C29EF68FC009596DE /* Products */;
			projectDirPath = "";
			projectRoot = "";
			targets = (
				E4EC651A29EF68FC009596DE /* Scrumdinger */,
				E4EC652A29EF68FD009596DE /* ScrumdingerTests */,
				E4EC653429EF68FD009596DE /* ScrumdingerUITests */,
			);
		};
/* End PBXProject section */

/* Begin PBXResourcesBuildPhase section */
		E4EC651929EF68FC009596DE /* Resources */ = {
			isa = PBXResourcesBuildPhase;
			buildActionMask = 2147483647;
			files = (
				E430519C2AACA65B008BA937 /* ding.wav in Resources */,
				E4EC652629EF68FD009596DE /* Preview Assets.xcassets in Resources */,
				E4EC652329EF68FD009596DE /* Assets.xcassets in Resources */,
			);
			runOnlyForDeploymentPostprocessing = 0;
		};
		E4EC652929EF68FD009596DE /* Resources */ = {
			isa = PBXResourcesBuildPhase;
			buildActionMask = 2147483647;
			files = (
			);
			runOnlyForDeploymentPostprocessing = 0;
		};
		E4EC653329EF68FD009596DE /* Resources */ = {
			isa = PBXResourcesBuildPhase;
			buildActionMask = 2147483647;
			files = (
			);
			runOnlyForDeploymentPostprocessing = 0;
		};
/* End PBXResourcesBuildPhase section */

/* Begin PBXSourcesBuildPhase section */
		E4EC651729EF68FC009596DE /* Sources */ = {
			isa = PBXSourcesBuildPhase;
			buildActionMask = 2147483647;
			files = (
				E46B99CA2AA25F1300DEFDE5 /* ThemePicker.swift in Sources */,
				E43051932AAC9FC3008BA937 /* ScrumProgressViewStyle.swift in Sources */,
				E45CDC9C2AB38BA50012AF7C /* DetailEditSheet.swift in Sources */,
				E463835B2A9B8DC200AED0F8 /* DailyScrum.swift in Sources */,
				E484344A2A9D132500379F4C /* DetailView.swift in Sources */,
				E43051912AAC9CEF008BA937 /* MeetingHeaderView.swift in Sources */,
				E43051992AACA273008BA937 /* MeetingFooterView.swift in Sources */,
				E46B99C52AA2527700DEFDE5 /* DetailEditView.swift in Sources */,
				E48E53DC2A9CD8BE0003B19E /* TrailingIconLabelStyle.swift in Sources */,
				E45CDC9A2AB389AE0012AF7C /* NewScrumSheet.swift in Sources */,
				E46383592A9B8C6F00AED0F8 /* Theme.swift in Sources */,
				E46E34852A9CDC5800BFE8C7 /* ScrumsView.swift in Sources */,
				E43051972AACA04E008BA937 /* ScrumTimer.swift in Sources */,
				E43051962AACA04E008BA937 /* AVPlayer+Ding.swift in Sources */,
				E4EC652129EF68FC009596DE /* MeetingView.swift in Sources */,
				E4EC651F29EF68FC009596DE /* ScrumdingerApp.swift in Sources */,
				E46B99C82AA25CBE00DEFDE5 /* ThemeView.swift in Sources */,
				E463835D2A9B8EA500AED0F8 /* CardView.swift in Sources */,
			);
			runOnlyForDeploymentPostprocessing = 0;
		};
		E4EC652729EF68FD009596DE /* Sources */ = {
			isa = PBXSourcesBuildPhase;
			buildActionMask = 2147483647;
			files = (
				E4EC653029EF68FD009596DE /* ScrumdingerTests.swift in Sources */,
			);
			runOnlyForDeploymentPostprocessing = 0;
		};
		E4EC653129EF68FD009596DE /* Sources */ = {
			isa = PBXSourcesBuildPhase;
			buildActionMask = 2147483647;
			files = (
				E4EC653C29EF68FD009596DE /* ScrumdingerUITestsLaunchTests.swift in Sources */,
				E4EC653A29EF68FD009596DE /* ScrumdingerUITests.swift in Sources */,
			);
			runOnlyForDeploymentPostprocessing = 0;
		};
/* End PBXSourcesBuildPhase section */

/* Begin PBXTargetDependency section */
		E4EC652D29EF68FD009596DE /* PBXTargetDependency */ = {
			isa = PBXTargetDependency;
			target = E4EC651A29EF68FC009596DE /* Scrumdinger */;
			targetProxy = E4EC652C29EF68FD009596DE /* PBXContainerItemProxy */;
		};
		E4EC653729EF68FD009596DE /* PBXTargetDependency */ = {
			isa = PBXTargetDependency;
			target = E4EC651A29EF68FC009596DE /* Scrumdinger */;
			targetProxy = E4EC653629EF68FD009596DE /* PBXContainerItemProxy */;
		};
/* End PBXTargetDependency section */

/* Begin XCBuildConfiguration section */
		E4EC653D29EF68FD009596DE /* Debug */ = {
			isa = XCBuildConfiguration;
			buildSettings = {
				ALWAYS_SEARCH_USER_PATHS = NO;
				CLANG_ANALYZER_NONNULL = YES;
				CLANG_ANALYZER_NUMBER_OBJECT_CONVERSION = YES_AGGRESSIVE;
				CLANG_CXX_LANGUAGE_STANDARD = "gnu++20";
				CLANG_ENABLE_MODULES = YES;
				CLANG_ENABLE_OBJC_ARC = YES;
				CLANG_ENABLE_OBJC_WEAK = YES;
				CLANG_WARN_BLOCK_CAPTURE_AUTORELEASING = YES;
				CLANG_WARN_BOOL_CONVERSION = YES;
				CLANG_WARN_COMMA = YES;
				CLANG_WARN_CONSTANT_CONVERSION = YES;
				CLANG_WARN_DEPRECATED_OBJC_IMPLEMENTATIONS = YES;
				CLANG_WARN_DIRECT_OBJC_ISA_USAGE = YES_ERROR;
				CLANG_WARN_DOCUMENTATION_COMMENTS = YES;
				CLANG_WARN_EMPTY_BODY = YES;
				CLANG_WARN_ENUM_CONVERSION = YES;
				CLANG_WARN_INFINITE_RECURSION = YES;
				CLANG_WARN_INT_CONVERSION = YES;
				CLANG_WARN_NON_LITERAL_NULL_CONVERSION = YES;
				CLANG_WARN_OBJC_IMPLICIT_RETAIN_SELF = YES;
				CLANG_WARN_OBJC_LITERAL_CONVERSION = YES;
				CLANG_WARN_OBJC_ROOT_CLASS = YES_ERROR;
				CLANG_WARN_QUOTED_INCLUDE_IN_FRAMEWORK_HEADER = YES;
				CLANG_WARN_RANGE_LOOP_ANALYSIS = YES;
				CLANG_WARN_STRICT_PROTOTYPES = YES;
				CLANG_WARN_SUSPICIOUS_MOVE = YES;
				CLANG_WARN_UNGUARDED_AVAILABILITY = YES_AGGRESSIVE;
				CLANG_WARN_UNREACHABLE_CODE = YES;
				CLANG_WARN__DUPLICATE_METHOD_MATCH = YES;
				COPY_PHASE_STRIP = NO;
				DEBUG_INFORMATION_FORMAT = dwarf;
				ENABLE_STRICT_OBJC_MSGSEND = YES;
				ENABLE_TESTABILITY = YES;
				GCC_C_LANGUAGE_STANDARD = gnu11;
				GCC_DYNAMIC_NO_PIC = NO;
				GCC_NO_COMMON_BLOCKS = YES;
				GCC_OPTIMIZATION_LEVEL = 0;
				GCC_PREPROCESSOR_DEFINITIONS = (
					"DEBUG=1",
					"$(inherited)",
				);
				GCC_WARN_64_TO_32_BIT_CONVERSION = YES;
				GCC_WARN_ABOUT_RETURN_TYPE = YES_ERROR;
				GCC_WARN_UNDECLARED_SELECTOR = YES;
				GCC_WARN_UNINITIALIZED_AUTOS = YES_AGGRESSIVE;
				GCC_WARN_UNUSED_FUNCTION = YES;
				GCC_WARN_UNUSED_VARIABLE = YES;
				IPHONEOS_DEPLOYMENT_TARGET = 17.0;
				MTL_ENABLE_DEBUG_INFO = INCLUDE_SOURCE;
				MTL_FAST_MATH = YES;
				ONLY_ACTIVE_ARCH = YES;
				SDKROOT = iphoneos;
				SWIFT_ACTIVE_COMPILATION_CONDITIONS = DEBUG;
				SWIFT_OPTIMIZATION_LEVEL = "-Onone";
			};
			name = Debug;
		};
		E4EC653E29EF68FD009596DE /* Release */ = {
			isa = XCBuildConfiguration;
			buildSettings = {
				ALWAYS_SEARCH_USER_PATHS = NO;
				CLANG_ANALYZER_NONNULL = YES;
				CLANG_ANALYZER_NUMBER_OBJECT_CONVERSION = YES_AGGRESSIVE;
				CLANG_CXX_LANGUAGE_STANDARD = "gnu++20";
				CLANG_ENABLE_MODULES = YES;
				CLANG_ENABLE_OBJC_ARC = YES;
				CLANG_ENABLE_OBJC_WEAK = YES;
				CLANG_WARN_BLOCK_CAPTURE_AUTORELEASING = YES;
				CLANG_WARN_BOOL_CONVERSION = YES;
				CLANG_WARN_COMMA = YES;
				CLANG_WARN_CONSTANT_CONVERSION = YES;
				CLANG_WARN_DEPRECATED_OBJC_IMPLEMENTATIONS = YES;
				CLANG_WARN_DIRECT_OBJC_ISA_USAGE = YES_ERROR;
				CLANG_WARN_DOCUMENTATION_COMMENTS = YES;
				CLANG_WARN_EMPTY_BODY = YES;
				CLANG_WARN_ENUM_CONVERSION = YES;
				CLANG_WARN_INFINITE_RECURSION = YES;
				CLANG_WARN_INT_CONVERSION = YES;
				CLANG_WARN_NON_LITERAL_NULL_CONVERSION = YES;
				CLANG_WARN_OBJC_IMPLICIT_RETAIN_SELF = YES;
				CLANG_WARN_OBJC_LITERAL_CONVERSION = YES;
				CLANG_WARN_OBJC_ROOT_CLASS = YES_ERROR;
				CLANG_WARN_QUOTED_INCLUDE_IN_FRAMEWORK_HEADER = YES;
				CLANG_WARN_RANGE_LOOP_ANALYSIS = YES;
				CLANG_WARN_STRICT_PROTOTYPES = YES;
				CLANG_WARN_SUSPICIOUS_MOVE = YES;
				CLANG_WARN_UNGUARDED_AVAILABILITY = YES_AGGRESSIVE;
				CLANG_WARN_UNREACHABLE_CODE = YES;
				CLANG_WARN__DUPLICATE_METHOD_MATCH = YES;
				COPY_PHASE_STRIP = NO;
				DEBUG_INFORMATION_FORMAT = "dwarf-with-dsym";
				ENABLE_NS_ASSERTIONS = NO;
				ENABLE_STRICT_OBJC_MSGSEND = YES;
				GCC_C_LANGUAGE_STANDARD = gnu11;
				GCC_NO_COMMON_BLOCKS = YES;
				GCC_WARN_64_TO_32_BIT_CONVERSION = YES;
				GCC_WARN_ABOUT_RETURN_TYPE = YES_ERROR;
				GCC_WARN_UNDECLARED_SELECTOR = YES;
				GCC_WARN_UNINITIALIZED_AUTOS = YES_AGGRESSIVE;
				GCC_WARN_UNUSED_FUNCTION = YES;
				GCC_WARN_UNUSED_VARIABLE = YES;
				IPHONEOS_DEPLOYMENT_TARGET = 17.0;
				MTL_ENABLE_DEBUG_INFO = NO;
				MTL_FAST_MATH = YES;
				SDKROOT = iphoneos;
				SWIFT_COMPILATION_MODE = wholemodule;
				SWIFT_OPTIMIZATION_LEVEL = "-O";
				VALIDATE_PRODUCT = YES;
			};
			name = Release;
		};
		E4EC654029EF68FD009596DE /* Debug */ = {
			isa = XCBuildConfiguration;
			buildSettings = {
				ASSETCATALOG_COMPILER_APPICON_NAME = AppIcon;
				ASSETCATALOG_COMPILER_GLOBAL_ACCENT_COLOR_NAME = AccentColor;
				CODE_SIGN_STYLE = Automatic;
				CURRENT_PROJECT_VERSION = 1;
				DEVELOPMENT_ASSET_PATHS = "\"Scrumdinger/Preview Content\"";
				DEVELOPMENT_TEAM = 4473R8PQA5;
				ENABLE_PREVIEWS = YES;
				GENERATE_INFOPLIST_FILE = YES;
				INFOPLIST_KEY_UIApplicationSceneManifest_Generation = YES;
				INFOPLIST_KEY_UIApplicationSupportsIndirectInputEvents = YES;
				INFOPLIST_KEY_UILaunchScreen_Generation = YES;
				INFOPLIST_KEY_UISupportedInterfaceOrientations_iPad = "UIInterfaceOrientationPortrait UIInterfaceOrientationPortraitUpsideDown UIInterfaceOrientationLandscapeLeft UIInterfaceOrientationLandscapeRight";
				INFOPLIST_KEY_UISupportedInterfaceOrientations_iPhone = "UIInterfaceOrientationPortrait UIInterfaceOrientationLandscapeLeft UIInterfaceOrientationLandscapeRight";
				IPHONEOS_DEPLOYMENT_TARGET = 17.0;
				LD_RUNPATH_SEARCH_PATHS = (
					"$(inherited)",
					"@executable_path/Frameworks",
				);
				MARKETING_VERSION = 1.0;
				PRODUCT_BUNDLE_IDENTIFIER = dev.fabiosalata.Scrumdinger;
				PRODUCT_NAME = "$(TARGET_NAME)";
				SWIFT_EMIT_LOC_STRINGS = YES;
				SWIFT_VERSION = 5.0;
				TARGETED_DEVICE_FAMILY = "1,2";
			};
			name = Debug;
		};
		E4EC654129EF68FD009596DE /* Release */ = {
			isa = XCBuildConfiguration;
			buildSettings = {
				ASSETCATALOG_COMPILER_APPICON_NAME = AppIcon;
				ASSETCATALOG_COMPILER_GLOBAL_ACCENT_COLOR_NAME = AccentColor;
				CODE_SIGN_STYLE = Automatic;
				CURRENT_PROJECT_VERSION = 1;
				DEVELOPMENT_ASSET_PATHS = "\"Scrumdinger/Preview Content\"";
				DEVELOPMENT_TEAM = 4473R8PQA5;
				ENABLE_PREVIEWS = YES;
				GENERATE_INFOPLIST_FILE = YES;
				INFOPLIST_KEY_UIApplicationSceneManifest_Generation = YES;
				INFOPLIST_KEY_UIApplicationSupportsIndirectInputEvents = YES;
				INFOPLIST_KEY_UILaunchScreen_Generation = YES;
				INFOPLIST_KEY_UISupportedInterfaceOrientations_iPad = "UIInterfaceOrientationPortrait UIInterfaceOrientationPortraitUpsideDown UIInterfaceOrientationLandscapeLeft UIInterfaceOrientationLandscapeRight";
				INFOPLIST_KEY_UISupportedInterfaceOrientations_iPhone = "UIInterfaceOrientationPortrait UIInterfaceOrientationLandscapeLeft UIInterfaceOrientationLandscapeRight";
				IPHONEOS_DEPLOYMENT_TARGET = 17.0;
				LD_RUNPATH_SEARCH_PATHS = (
					"$(inherited)",
					"@executable_path/Frameworks",
				);
				MARKETING_VERSION = 1.0;
				PRODUCT_BUNDLE_IDENTIFIER = dev.fabiosalata.Scrumdinger;
				PRODUCT_NAME = "$(TARGET_NAME)";
				SWIFT_EMIT_LOC_STRINGS = YES;
				SWIFT_VERSION = 5.0;
				TARGETED_DEVICE_FAMILY = "1,2";
			};
			name = Release;
		};
		E4EC654329EF68FD009596DE /* Debug */ = {
			isa = XCBuildConfiguration;
			buildSettings = {
				ALWAYS_EMBED_SWIFT_STANDARD_LIBRARIES = YES;
				BUNDLE_LOADER = "$(TEST_HOST)";
				CODE_SIGN_STYLE = Automatic;
				CURRENT_PROJECT_VERSION = 1;
				DEVELOPMENT_TEAM = 4473R8PQA5;
				GENERATE_INFOPLIST_FILE = YES;
				IPHONEOS_DEPLOYMENT_TARGET = 16.4;
				MARKETING_VERSION = 1.0;
				PRODUCT_BUNDLE_IDENTIFIER = dev.fabiosalata.ScrumdingerTests;
				PRODUCT_NAME = "$(TARGET_NAME)";
				SWIFT_EMIT_LOC_STRINGS = NO;
				SWIFT_VERSION = 5.0;
				TARGETED_DEVICE_FAMILY = "1,2";
				TEST_HOST = "$(BUILT_PRODUCTS_DIR)/Scrumdinger.app/$(BUNDLE_EXECUTABLE_FOLDER_PATH)/Scrumdinger";
			};
			name = Debug;
		};
		E4EC654429EF68FD009596DE /* Release */ = {
			isa = XCBuildConfiguration;
			buildSettings = {
				ALWAYS_EMBED_SWIFT_STANDARD_LIBRARIES = YES;
				BUNDLE_LOADER = "$(TEST_HOST)";
				CODE_SIGN_STYLE = Automatic;
				CURRENT_PROJECT_VERSION = 1;
				DEVELOPMENT_TEAM = 4473R8PQA5;
				GENERATE_INFOPLIST_FILE = YES;
				IPHONEOS_DEPLOYMENT_TARGET = 16.4;
				MARKETING_VERSION = 1.0;
				PRODUCT_BUNDLE_IDENTIFIER = dev.fabiosalata.ScrumdingerTests;
				PRODUCT_NAME = "$(TARGET_NAME)";
				SWIFT_EMIT_LOC_STRINGS = NO;
				SWIFT_VERSION = 5.0;
				TARGETED_DEVICE_FAMILY = "1,2";
				TEST_HOST = "$(BUILT_PRODUCTS_DIR)/Scrumdinger.app/$(BUNDLE_EXECUTABLE_FOLDER_PATH)/Scrumdinger";
			};
			name = Release;
		};
		E4EC654629EF68FD009596DE /* Debug */ = {
			isa = XCBuildConfiguration;
			buildSettings = {
				ALWAYS_EMBED_SWIFT_STANDARD_LIBRARIES = YES;
				CODE_SIGN_STYLE = Automatic;
				CURRENT_PROJECT_VERSION = 1;
				DEVELOPMENT_TEAM = 4473R8PQA5;
				GENERATE_INFOPLIST_FILE = YES;
				MARKETING_VERSION = 1.0;
				PRODUCT_BUNDLE_IDENTIFIER = dev.fabiosalata.ScrumdingerUITests;
				PRODUCT_NAME = "$(TARGET_NAME)";
				SWIFT_EMIT_LOC_STRINGS = NO;
				SWIFT_VERSION = 5.0;
				TARGETED_DEVICE_FAMILY = "1,2";
				TEST_TARGET_NAME = Scrumdinger;
			};
			name = Debug;
		};
		E4EC654729EF68FD009596DE /* Release */ = {
			isa = XCBuildConfiguration;
			buildSettings = {
				ALWAYS_EMBED_SWIFT_STANDARD_LIBRARIES = YES;
				CODE_SIGN_STYLE = Automatic;
				CURRENT_PROJECT_VERSION = 1;
				DEVELOPMENT_TEAM = 4473R8PQA5;
				GENERATE_INFOPLIST_FILE = YES;
				MARKETING_VERSION = 1.0;
				PRODUCT_BUNDLE_IDENTIFIER = dev.fabiosalata.ScrumdingerUITests;
				PRODUCT_NAME = "$(TARGET_NAME)";
				SWIFT_EMIT_LOC_STRINGS = NO;
				SWIFT_VERSION = 5.0;
				TARGETED_DEVICE_FAMILY = "1,2";
				TEST_TARGET_NAME = Scrumdinger;
			};
			name = Release;
		};
/* End XCBuildConfiguration section */

/* Begin XCConfigurationList section */
		E4EC651629EF68FC009596DE /* Build configuration list for PBXProject "Scrumdinger" */ = {
			isa = XCConfigurationList;
			buildConfigurations = (
				E4EC653D29EF68FD009596DE /* Debug */,
				E4EC653E29EF68FD009596DE /* Release */,
			);
			defaultConfigurationIsVisible = 0;
			defaultConfigurationName = Release;
		};
		E4EC653F29EF68FD009596DE /* Build configuration list for PBXNativeTarget "Scrumdinger" */ = {
			isa = XCConfigurationList;
			buildConfigurations = (
				E4EC654029EF68FD009596DE /* Debug */,
				E4EC654129EF68FD009596DE /* Release */,
			);
			defaultConfigurationIsVisible = 0;
			defaultConfigurationName = Release;
		};
		E4EC654229EF68FD009596DE /* Build configuration list for PBXNativeTarget "ScrumdingerTests" */ = {
			isa = XCConfigurationList;
			buildConfigurations = (
				E4EC654329EF68FD009596DE /* Debug */,
				E4EC654429EF68FD009596DE /* Release */,
			);
			defaultConfigurationIsVisible = 0;
			defaultConfigurationName = Release;
		};
		E4EC654529EF68FD009596DE /* Build configuration list for PBXNativeTarget "ScrumdingerUITests" */ = {
			isa = XCConfigurationList;
			buildConfigurations = (
				E4EC654629EF68FD009596DE /* Debug */,
				E4EC654729EF68FD009596DE /* Release */,
			);
			defaultConfigurationIsVisible = 0;
			defaultConfigurationName = Release;
		};
/* End XCConfigurationList section */
	};
	rootObject = E4EC651329EF68FC009596DE /* Project object */;
}
